{
  "pins" : [
    {
      "identity" : "adaptysdk-ios",
      "kind" : "remoteSourceControl",
      "location" : "https://github.com/adaptyteam/AdaptySDK-iOS.git",
      "state" : {
        "revision" : "a85d0ea54a8f801bc1887fc163b4aa4835c7b551",
        "version" : "2.9.6"
      }
    },
    {
      "identity" : "genericmodule",
      "kind" : "remoteSourceControl",
      "location" : "https://github.com/disabled/GenericModule",
      "state" : {
        "branch" : "master",
        "revision" : "8bf4326c905e722b956d467d31ca483a406e0788"
      }
    },
    {
      "identity" : "lottie-ios",
      "kind" : "remoteSourceControl",
      "location" : "https://github.com/airbnb/lottie-ios",
      "state" : {
        "branch" : "master",
        "revision" : "2f0f7610aec94261b6e58bd52a5ed2e1127eeb19"
      }
    },
    {
      "identity" : "lumakit",
      "kind" : "remoteSourceControl",
      "location" : "https://github.com/luma-ai-team/LumaKit.git",
      "state" : {
        "branch" : "main",
        "revision" : "7b846dbd0dd793ee474df1366893ea54c4a82d89"
      }
    }
  ],
  "version" : 2
}
