{
  "pins" : [
    {
      "identity" : "adaptysdk-ios",
      "kind" : "remoteSourceControl",
      "location" : "https://github.com/adaptyteam/AdaptySDK-iOS.git",
      "state" : {
        "revision" : "a85d0ea54a8f801bc1887fc163b4aa4835c7b551",
        "version" : "2.9.6"
      }
    },
    {
      "identity" : "genericmodule",
      "kind" : "remoteSourceControl",
      "location" : "https://github.com/disabled/GenericModule",
      "state" : {
        "branch" : "master",
        "revision" : "ceba785d6d458d95817c8af89af917270f8fd554"
      }
    },
    {
      "identity" : "lottie-ios",
      "kind" : "remoteSourceControl",
      "location" : "https://github.com/airbnb/lottie-ios",
      "state" : {
        "branch" : "master",
        "revision" : "2f0f7610aec94261b6e58bd52a5ed2e1127eeb19"
      }
    },
    {
      "identity" : "lumakit",
      "kind" : "remoteSourceControl",
      "location" : "https://github.com/luma-ai-team/LumaKit.git",
      "state" : {
        "branch" : "main",
        "revision" : "0b7a5cb91fbb43087a67364354e06e041b2cf6aa"
      }
    }
  ],
  "version" : 2
}
